// !$*UTF8*$!
{
	archiveVersion = 1;
	classes = {
	};
	objectVersion = 46;
	objects = {

/* Begin PBXBuildFile section */
		39C7DA171C9C6702005FF059 /* main.m in Sources */ = {isa = PBXBuildFile; fileRef = 39C7DA161C9C6702005FF059 /* main.m */; };
		39C7DA1A1C9C6702005FF059 /* AppDelegate.m in Sources */ = {isa = PBXBuildFile; fileRef = 39C7DA191C9C6702005FF059 /* AppDelegate.m */; };
		39C7DA1D1C9C6702005FF059 /* ViewController.m in Sources */ = {isa = PBXBuildFile; fileRef = 39C7DA1C1C9C6702005FF059 /* ViewController.m */; };
		39C7DA201C9C6702005FF059 /* Main.storyboard in Resources */ = {isa = PBXBuildFile; fileRef = 39C7DA1E1C9C6702005FF059 /* Main.storyboard */; };
		39C7DA221C9C6702005FF059 /* Assets.xcassets in Resources */ = {isa = PBXBuildFile; fileRef = 39C7DA211C9C6702005FF059 /* Assets.xcassets */; };
		39C7DA251C9C6702005FF059 /* LaunchScreen.storyboard in Resources */ = {isa = PBXBuildFile; fileRef = 39C7DA231C9C6702005FF059 /* LaunchScreen.storyboard */; };
/* End PBXBuildFile section */

/* Begin PBXFileReference section */
		39C7DA121C9C6702005FF059 /* mm-week1Assessment.app */ = {isa = PBXFileReference; explicitFileType = wrapper.application; includeInIndex = 0; path = "mm-week1Assessment.app"; sourceTree = BUILT_PRODUCTS_DIR; };
		39C7DA161C9C6702005FF059 /* main.m */ = {isa = PBXFileReference; lastKnownFileType = sourcecode.c.objc; path = main.m; sourceTree = "<group>"; };
		39C7DA181C9C6702005FF059 /* AppDelegate.h */ = {isa = PBXFileReference; lastKnownFileType = sourcecode.c.h; path = AppDelegate.h; sourceTree = "<group>"; };
		39C7DA191C9C6702005FF059 /* AppDelegate.m */ = {isa = PBXFileReference; lastKnownFileType = sourcecode.c.objc; path = AppDelegate.m; sourceTree = "<group>"; };
		39C7DA1B1C9C6702005FF059 /* ViewController.h */ = {isa = PBXFileReference; lastKnownFileType = sourcecode.c.h; path = ViewController.h; sourceTree = "<group>"; };
		39C7DA1C1C9C6702005FF059 /* ViewController.m */ = {isa = PBXFileReference; lastKnownFileType = sourcecode.c.objc; path = ViewController.m; sourceTree = "<group>"; };
		39C7DA1F1C9C6702005FF059 /* Base */ = {isa = PBXFileReference; lastKnownFileType = file.storyboard; name = Base; path = Base.lproj/Main.storyboard; sourceTree = "<group>"; };
		39C7DA211C9C6702005FF059 /* Assets.xcassets */ = {isa = PBXFileReference; lastKnownFileType = folder.assetcatalog; path = Assets.xcassets; sourceTree = "<group>"; };
		39C7DA241C9C6702005FF059 /* Base */ = {isa = PBXFileReference; lastKnownFileType = file.storyboard; name = Base; path = Base.lproj/LaunchScreen.storyboard; sourceTree = "<group>"; };
		39C7DA261C9C6702005FF059 /* Info.plist */ = {isa = PBXFileReference; lastKnownFileType = text.plist.xml; path = Info.plist; sourceTree = "<group>"; };
/* End PBXFileReference section */

/* Begin PBXFrameworksBuildPhase section */
		39C7DA0F1C9C6702005FF059 /* Frameworks */ = {
			isa = PBXFrameworksBuildPhase;
			buildActionMask = 2147483647;
			files = (
			);
			runOnlyForDeploymentPostprocessing = 0;
		};
/* End PBXFrameworksBuildPhase section */

/* Begin PBXGroup section */
		39C7DA091C9C6702005FF059 = {
			isa = PBXGroup;
			children = (
				39C7DA141C9C6702005FF059 /* mm-week1Assessment */,
				39C7DA131C9C6702005FF059 /* Products */,
			);
			sourceTree = "<group>";
		};
		39C7DA131C9C6702005FF059 /* Products */ = {
			isa = PBXGroup;
			children = (
				39C7DA121C9C6702005FF059 /* mm-week1Assessment.app */,
			);
			name = Products;
			sourceTree = "<group>";
		};
		39C7DA141C9C6702005FF059 /* mm-week1Assessment */ = {
			isa = PBXGroup;
			children = (
				39C7DA181C9C6702005FF059 /* AppDelegate.h */,
				39C7DA191C9C6702005FF059 /* AppDelegate.m */,
				39C7DA1B1C9C6702005FF059 /* ViewController.h */,
				39C7DA1C1C9C6702005FF059 /* ViewController.m */,
				39C7DA1E1C9C6702005FF059 /* Main.storyboard */,
				39C7DA211C9C6702005FF059 /* Assets.xcassets */,
				39C7DA231C9C6702005FF059 /* LaunchScreen.storyboard */,
				39C7DA261C9C6702005FF059 /* Info.plist */,
				39C7DA151C9C6702005FF059 /* Supporting Files */,
			);
			path = "mm-week1Assessment";
			sourceTree = "<group>";
		};
		39C7DA151C9C6702005FF059 /* Supporting Files */ = {
			isa = PBXGroup;
			children = (
				39C7DA161C9C6702005FF059 /* main.m */,
			);
			name = "Supporting Files";
			sourceTree = "<group>";
		};
/* End PBXGroup section */

/* Begin PBXNativeTarget section */
		39C7DA111C9C6702005FF059 /* mm-week1Assessment */ = {
			isa = PBXNativeTarget;
			buildConfigurationList = 39C7DA291C9C6702005FF059 /* Build configuration list for PBXNativeTarget "mm-week1Assessment" */;
			buildPhases = (
				39C7DA0E1C9C6702005FF059 /* Sources */,
				39C7DA0F1C9C6702005FF059 /* Frameworks */,
				39C7DA101C9C6702005FF059 /* Resources */,
			);
			buildRules = (
			);
			dependencies = (
			);
			name = "mm-week1Assessment";
			productName = "mm-week1Assessment";
			productReference = 39C7DA121C9C6702005FF059 /* mm-week1Assessment.app */;
			productType = "com.apple.product-type.application";
		};
/* End PBXNativeTarget section */

/* Begin PBXProject section */
		39C7DA0A1C9C6702005FF059 /* Project object */ = {
			isa = PBXProject;
			attributes = {
				LastUpgradeCheck = 0720;
				ORGANIZATIONNAME = plugh;
				TargetAttributes = {
					39C7DA111C9C6702005FF059 = {
						CreatedOnToolsVersion = 7.2.1;
					};
				};
			};
			buildConfigurationList = 39C7DA0D1C9C6702005FF059 /* Build configuration list for PBXProject "mm-week1Assessment" */;
			compatibilityVersion = "Xcode 3.2";
			developmentRegion = English;
			hasScannedForEncodings = 0;
			knownRegions = (
				en,
				Base,
			);
			mainGroup = 39C7DA091C9C6702005FF059;
			productRefGroup = 39C7DA131C9C6702005FF059 /* Products */;
			projectDirPath = "";
			projectRoot = "";
			targets = (
				39C7DA111C9C6702005FF059 /* mm-week1Assessment */,
			);
		};
/* End PBXProject section */

/* Begin PBXResourcesBuildPhase section */
		39C7DA101C9C6702005FF059 /* Resources */ = {
			isa = PBXResourcesBuildPhase;
			buildActionMask = 2147483647;
			files = (
				39C7DA251C9C6702005FF059 /* LaunchScreen.storyboard in Resources */,
				39C7DA221C9C6702005FF059 /* Assets.xcassets in Resources */,
				39C7DA201C9C6702005FF059 /* Main.storyboard in Resources */,
			);
			runOnlyForDeploymentPostprocessing = 0;
		};
/* End PBXResourcesBuildPhase section */

/* Begin PBXSourcesBuildPhase section */
		39C7DA0E1C9C6702005FF059 /* Sources */ = {
			isa = PBXSourcesBuildPhase;
			buildActionMask = 2147483647;
			files = (
				39C7DA1D1C9C6702005FF059 /* ViewController.m in Sources */,
				39C7DA1A1C9C6702005FF059 /* AppDelegate.m in Sources */,
				39C7DA171C9C6702005FF059 /* main.m in Sources */,
			);
			runOnlyForDeploymentPostprocessing = 0;
		};
/* End PBXSourcesBuildPhase section */

/* Begin PBXVariantGroup section */
		39C7DA1E1C9C6702005FF059 /* Main.storyboard */ = {
			isa = PBXVariantGroup;
			children = (
				39C7DA1F1C9C6702005FF059 /* Base */,
			);
			name = Main.storyboard;
			sourceTree = "<group>";
		};
		39C7DA231C9C6702005FF059 /* LaunchScreen.storyboard */ = {
			isa = PBXVariantGroup;
			children = (
				39C7DA241C9C6702005FF059 /* Base */,
			);
			name = LaunchScreen.storyboard;
			sourceTree = "<group>";
		};
/* End PBXVariantGroup section */

/* Begin XCBuildConfiguration section */
		39C7DA271C9C6702005FF059 /* Debug */ = {
			isa = XCBuildConfiguration;
			buildSettings = {
				ALWAYS_SEARCH_USER_PATHS = NO;
				CLANG_CXX_LANGUAGE_STANDARD = "gnu++0x";
				CLANG_CXX_LIBRARY = "libc++";
				CLANG_ENABLE_MODULES = YES;
				CLANG_ENABLE_OBJC_ARC = YES;
				CLANG_WARN_BOOL_CONVERSION = YES;
				CLANG_WARN_CONSTANT_CONVERSION = YES;
				CLANG_WARN_DIRECT_OBJC_ISA_USAGE = YES_ERROR;
				CLANG_WARN_EMPTY_BODY = YES;
				CLANG_WARN_ENUM_CONVERSION = YES;
				CLANG_WARN_INT_CONVERSION = YES;
				CLANG_WARN_OBJC_ROOT_CLASS = YES_ERROR;
				CLANG_WARN_UNREACHABLE_CODE = YES;
				CLANG_WARN__DUPLICATE_METHOD_MATCH = YES;
				"CODE_SIGN_IDENTITY[sdk=iphoneos*]" = "iPhone Developer";
				COPY_PHASE_STRIP = NO;
				DEBUG_INFORMATION_FORMAT = dwarf;
				ENABLE_STRICT_OBJC_MSGSEND = YES;
				ENABLE_TESTABILITY = YES;
				GCC_C_LANGUAGE_STANDARD = gnu99;
				GCC_DYNAMIC_NO_PIC = NO;
				GCC_NO_COMMON_BLOCKS = YES;
				GCC_OPTIMIZATION_LEVEL = 0;
				GCC_PREPROCESSOR_DEFINITIONS = (
					"DEBUG=1",
					"$(inherited)",
				);
				GCC_WARN_64_TO_32_BIT_CONVERSION = YES;
				GCC_WARN_ABOUT_RETURN_TYPE = YES_ERROR;
				GCC_WARN_UNDECLARED_SELECTOR = YES;
				GCC_WARN_UNINITIALIZED_AUTOS = YES_AGGRESSIVE;
				GCC_WARN_UNUSED_FUNCTION = YES;
				GCC_WARN_UNUSED_VARIABLE = YES;
				IPHONEOS_DEPLOYMENT_TARGET = 9.2;
				MTL_ENABLE_DEBUG_INFO = YES;
				ONLY_ACTIVE_ARCH = YES;
				SDKROOT = iphoneos;
				TARGETED_DEVICE_FAMILY = "1,2";
			};
			name = Debug;
		};
		39C7DA281C9C6702005FF059 /* Release */ = {
			isa = XCBuildConfiguration;
			buildSettings = {
				ALWAYS_SEARCH_USER_PATHS = NO;
				CLANG_CXX_LANGUAGE_STANDARD = "gnu++0x";
				CLANG_CXX_LIBRARY = "libc++";
				CLANG_ENABLE_MODULES = YES;
				CLANG_ENABLE_OBJC_ARC = YES;
				CLANG_WARN_BOOL_CONVERSION = YES;
				CLANG_WARN_CONSTANT_CONVERSION = YES;
				CLANG_WARN_DIRECT_OBJC_ISA_USAGE = YES_ERROR;
				CLANG_WARN_EMPTY_BODY = YES;
				CLANG_WARN_ENUM_CONVERSION = YES;
				CLANG_WARN_INT_CONVERSION = YES;
				CLANG_WARN_OBJC_ROOT_CLASS = YES_ERROR;
				CLANG_WARN_UNREACHABLE_CODE = YES;
				CLANG_WARN__DUPLICATE_METHOD_MATCH = YES;
				"CODE_SIGN_IDENTITY[sdk=iphoneos*]" = "iPhone Developer";
				COPY_PHASE_STRIP = NO;
				DEBUG_INFORMATION_FORMAT = "dwarf-with-dsym";
				ENABLE_NS_ASSERTIONS = NO;
				ENABLE_STRICT_OBJC_MSGSEND = YES;
				GCC_C_LANGUAGE_STANDARD = gnu99;
				GCC_NO_COMMON_BLOCKS = YES;
				GCC_WARN_64_TO_32_BIT_CONVERSION = YES;
				GCC_WARN_ABOUT_RETURN_TYPE = YES_ERROR;
				GCC_WARN_UNDECLARED_SELECTOR = YES;
				GCC_WARN_UNINITIALIZED_AUTOS = YES_AGGRESSIVE;
				GCC_WARN_UNUSED_FUNCTION = YES;
				GCC_WARN_UNUSED_VARIABLE = YES;
				IPHONEOS_DEPLOYMENT_TARGET = 9.2;
				MTL_ENABLE_DEBUG_INFO = NO;
				SDKROOT = iphoneos;
				TARGETED_DEVICE_FAMILY = "1,2";
				VALIDATE_PRODUCT = YES;
			};
			name = Release;
		};
		39C7DA2A1C9C6702005FF059 /* Debug */ = {
			isa = XCBuildConfiguration;
			buildSettings = {
				ASSETCATALOG_COMPILER_APPICON_NAME = AppIcon;
				INFOPLIST_FILE = "mm-week1Assessment/Info.plist";
				LD_RUNPATH_SEARCH_PATHS = "$(inherited) @executable_path/Frameworks";
				PRODUCT_BUNDLE_IDENTIFIER = "com.plugh.csserra.mm-week1Assessment";
				PRODUCT_NAME = "$(TARGET_NAME)";
			};
			name = Debug;
		};
		39C7DA2B1C9C6702005FF059 /* Release */ = {
			isa = XCBuildConfiguration;
			buildSettings = {
				ASSETCATALOG_COMPILER_APPICON_NAME = AppIcon;
				INFOPLIST_FILE = "mm-week1Assessment/Info.plist";
				LD_RUNPATH_SEARCH_PATHS = "$(inherited) @executable_path/Frameworks";
				PRODUCT_BUNDLE_IDENTIFIER = "com.plugh.csserra.mm-week1Assessment";
				PRODUCT_NAME = "$(TARGET_NAME)";
			};
			name = Release;
		};
/* End XCBuildConfiguration section */

/* Begin XCConfigurationList section */
		39C7DA0D1C9C6702005FF059 /* Build configuration list for PBXProject "mm-week1Assessment" */ = {
			isa = XCConfigurationList;
			buildConfigurations = (
				39C7DA271C9C6702005FF059 /* Debug */,
				39C7DA281C9C6702005FF059 /* Release */,
			);
			defaultConfigurationIsVisible = 0;
			defaultConfigurationName = Release;
		};
		39C7DA291C9C6702005FF059 /* Build configuration list for PBXNativeTarget "mm-week1Assessment" */ = {
			isa = XCConfigurationList;
			buildConfigurations = (
				39C7DA2A1C9C6702005FF059 /* Debug */,
				39C7DA2B1C9C6702005FF059 /* Release */,
			);
			defaultConfigurationIsVisible = 0;
		};
/* End XCConfigurationList section */
	};
	rootObject = 39C7DA0A1C9C6702005FF059 /* Project object */;
}
